// !$*UTF8*$!
{
	archiveVersion = 1;
	classes = {
	};
	objectVersion = 46;
	objects = {

/* Begin PBXAggregateTarget section */
		D4A200CA175E6673EB359B63 /* WavegenPlugin (All) */ = {
			isa = PBXAggregateTarget;
			buildConfigurationList = 66A99B0A3E2094889407A133 /* Build configuration list for PBXAggregateTarget "WavegenPlugin (All)" */;
			buildPhases = (
			);
			dependencies = (
				3D94E4E73BA4376BD0C954BB /* PBXTargetDependency */,
				96A187ABC229B69131A7A553 /* PBXTargetDependency */,
				F1D7CFC05961A0332974083D /* PBXTargetDependency */,
				603921D0E698F75EB96EAC53 /* PBXTargetDependency */,
			);
			name = "WavegenPlugin (All)";
			productName = JuceDemoPlugin;
		};
/* End PBXAggregateTarget section */

/* Begin PBXBuildFile section */
		221B97F3CD062F71EBEBA165 /* Accelerate.framework in Frameworks */ = {isa = PBXBuildFile; fileRef = 537D65EF3BBBDFC4651D389D /* Accelerate.framework */; };
		221F46E90C0A8651AB76A0E5 /* QuartzCore.framework in Frameworks */ = {isa = PBXBuildFile; fileRef = 58E978708BAA8613A40F61E3 /* QuartzCore.framework */; };
		27E7A851C1C94C16A74C6D07 /* CoreMIDI.framework in Frameworks */ = {isa = PBXBuildFile; fileRef = BA98346EFD1037285E245CC9 /* CoreMIDI.framework */; };
		2A10495092621B672B55C020 /* juce_audio_plugin_client_VST2.cpp in Sources */ = {isa = PBXBuildFile; fileRef = 47FBF723E148B63CF86281D4 /* juce_audio_plugin_client_VST2.cpp */; };
		354E8A9B7FD3A7AA6598A990 /* juce_gui_basics.mm in Sources */ = {isa = PBXBuildFile; fileRef = E4D287DE19F3B62153A4CAF9 /* juce_gui_basics.mm */; };
		360C3DE61DC65BAA00BA39C2 /* minBlepGenerator.cpp in Sources */ = {isa = PBXBuildFile; fileRef = 360C3DE41DC65BAA00BA39C2 /* minBlepGenerator.cpp */; };
		360C3DEC1DC65D7E00BA39C2 /* kiss_fft.c in Sources */ = {isa = PBXBuildFile; fileRef = 360C3DE91DC65D7E00BA39C2 /* kiss_fft.c */; };
		360C3DEF1DC65DB600BA39C2 /* FFTKiss.cpp in Sources */ = {isa = PBXBuildFile; fileRef = 360C3DED1DC65DB600BA39C2 /* FFTKiss.cpp */; };
		360C3DF21DC661E100BA39C2 /* kiss_fftr.c in Sources */ = {isa = PBXBuildFile; fileRef = 360C3DF01DC661E100BA39C2 /* kiss_fftr.c */; };
		36B277E21DC5307600D9DEC0 /* WaveGenerator.cpp in Sources */ = {isa = PBXBuildFile; fileRef = 36B277E01DC5307600D9DEC0 /* WaveGenerator.cpp */; };
		36B277E31DC5307600D9DEC0 /* WaveGenerator.cpp in Sources */ = {isa = PBXBuildFile; fileRef = 36B277E01DC5307600D9DEC0 /* WaveGenerator.cpp */; };
		36B277E41DC5307600D9DEC0 /* WaveGenerator.cpp in Sources */ = {isa = PBXBuildFile; fileRef = 36B277E01DC5307600D9DEC0 /* WaveGenerator.cpp */; };
		36B277E51DC5307600D9DEC0 /* WaveGenerator.cpp in Sources */ = {isa = PBXBuildFile; fileRef = 36B277E01DC5307600D9DEC0 /* WaveGenerator.cpp */; };
		36FF49FC1DABF68000937DD6 /* RecentFilesMenuTemplate.nib in Resources */ = {isa = PBXBuildFile; fileRef = 0926E36205F4D676343AB6E7 /* RecentFilesMenuTemplate.nib */; };
		36FF49FD1DABF68000937DD6 /* Accelerate.framework in Frameworks */ = {isa = PBXBuildFile; fileRef = 537D65EF3BBBDFC4651D389D /* Accelerate.framework */; };
		36FF49FE1DABF68000937DD6 /* AudioToolbox.framework in Frameworks */ = {isa = PBXBuildFile; fileRef = A206765795252391D3F60EA4 /* AudioToolbox.framework */; };
		36FF49FF1DABF68000937DD6 /* Carbon.framework in Frameworks */ = {isa = PBXBuildFile; fileRef = 188AEC2A029C41DE66359AEF /* Carbon.framework */; };
		36FF4A001DABF68000937DD6 /* Cocoa.framework in Frameworks */ = {isa = PBXBuildFile; fileRef = 7EC813E6F2E7303438F82090 /* Cocoa.framework */; };
		36FF4A011DABF68000937DD6 /* CoreAudio.framework in Frameworks */ = {isa = PBXBuildFile; fileRef = C37123DA8D32C1B6FC09FFF2 /* CoreAudio.framework */; };
		36FF4A021DABF68000937DD6 /* CoreMIDI.framework in Frameworks */ = {isa = PBXBuildFile; fileRef = BA98346EFD1037285E245CC9 /* CoreMIDI.framework */; };
		36FF4A031DABF68000937DD6 /* DiscRecording.framework in Frameworks */ = {isa = PBXBuildFile; fileRef = 28F65EEAFB3B971E8EDB10F3 /* DiscRecording.framework */; };
		36FF4A041DABF68000937DD6 /* IOKit.framework in Frameworks */ = {isa = PBXBuildFile; fileRef = 61848A238C57C54BF83884C3 /* IOKit.framework */; };
		36FF4A051DABF68000937DD6 /* QuartzCore.framework in Frameworks */ = {isa = PBXBuildFile; fileRef = 58E978708BAA8613A40F61E3 /* QuartzCore.framework */; };
		36FF4A061DABF68000937DD6 /* WebKit.framework in Frameworks */ = {isa = PBXBuildFile; fileRef = A59A08DCC76EE0FC7EBE1203 /* WebKit.framework */; };
		36FF4A071DABF68000937DD6 /* RecentFilesMenuTemplate.nib in Resources */ = {isa = PBXBuildFile; fileRef = 0926E36205F4D676343AB6E7 /* RecentFilesMenuTemplate.nib */; };
		36FF4A081DABF68000937DD6 /* Accelerate.framework in Frameworks */ = {isa = PBXBuildFile; fileRef = 537D65EF3BBBDFC4651D389D /* Accelerate.framework */; };
		36FF4A091DABF68000937DD6 /* AudioToolbox.framework in Frameworks */ = {isa = PBXBuildFile; fileRef = A206765795252391D3F60EA4 /* AudioToolbox.framework */; };
		36FF4A0A1DABF68000937DD6 /* Carbon.framework in Frameworks */ = {isa = PBXBuildFile; fileRef = 188AEC2A029C41DE66359AEF /* Carbon.framework */; };
		36FF4A0B1DABF68000937DD6 /* Cocoa.framework in Frameworks */ = {isa = PBXBuildFile; fileRef = 7EC813E6F2E7303438F82090 /* Cocoa.framework */; };
		36FF4A0C1DABF68000937DD6 /* CoreAudio.framework in Frameworks */ = {isa = PBXBuildFile; fileRef = C37123DA8D32C1B6FC09FFF2 /* CoreAudio.framework */; };
		36FF4A0D1DABF68000937DD6 /* CoreMIDI.framework in Frameworks */ = {isa = PBXBuildFile; fileRef = BA98346EFD1037285E245CC9 /* CoreMIDI.framework */; };
		36FF4A0E1DABF68000937DD6 /* DiscRecording.framework in Frameworks */ = {isa = PBXBuildFile; fileRef = 28F65EEAFB3B971E8EDB10F3 /* DiscRecording.framework */; };
		36FF4A0F1DABF68000937DD6 /* IOKit.framework in Frameworks */ = {isa = PBXBuildFile; fileRef = 61848A238C57C54BF83884C3 /* IOKit.framework */; };
		36FF4A101DABF68000937DD6 /* QuartzCore.framework in Frameworks */ = {isa = PBXBuildFile; fileRef = 58E978708BAA8613A40F61E3 /* QuartzCore.framework */; };
		36FF4A111DABF68000937DD6 /* WebKit.framework in Frameworks */ = {isa = PBXBuildFile; fileRef = A59A08DCC76EE0FC7EBE1203 /* WebKit.framework */; };
		4219EABF6E3F7CC96893599A /* juce_audio_processors.mm in Sources */ = {isa = PBXBuildFile; fileRef = 8635014BA097A2E54C2C2384 /* juce_audio_processors.mm */; };
		4B8B36CA49A9DEFEF84C4554 /* juce_audio_plugin_client_VST3.cpp in Sources */ = {isa = PBXBuildFile; fileRef = 237A06C79035CA7B2568FEA3 /* juce_audio_plugin_client_VST3.cpp */; };
		57CCDB4997DD3ADCE483C6D9 /* juce_audio_formats.mm in Sources */ = {isa = PBXBuildFile; fileRef = F87AC3FCCA31FB0B419456B2 /* juce_audio_formats.mm */; };
		5F77B836D606798439490820 /* CoreAudioKit.framework in Frameworks */ = {isa = PBXBuildFile; fileRef = 85953323F917885511BC7FD1 /* CoreAudioKit.framework */; };
		61792EFEB47D87819D7676C2 /* AudioUnit.framework in Frameworks */ = {isa = PBXBuildFile; fileRef = 2E58109147CCFC780F10C23D /* AudioUnit.framework */; };
		65DE548B2F9200613114E5D6 /* juce_audio_utils.mm in Sources */ = {isa = PBXBuildFile; fileRef = 5E974DD6DD17E4C03295B1EA /* juce_audio_utils.mm */; };
		7F77BD3679C81BEB8057BE4F /* juce_audio_plugin_client_AU_1.mm in Sources */ = {isa = PBXBuildFile; fileRef = 082EED9B0127415E4A78CAAF /* juce_audio_plugin_client_AU_1.mm */; };
		8265E59547F2C5DDD10F58BF /* PluginProcessor.cpp in Sources */ = {isa = PBXBuildFile; fileRef = 682D51082D9FE9859F364A10 /* PluginProcessor.cpp */; };
		963703A2971006C8BB3D190E /* juce_gui_extra.mm in Sources */ = {isa = PBXBuildFile; fileRef = 60C4A1A1B5405793C18D5A16 /* juce_gui_extra.mm */; };
		A001C0EF302F42D8784EF150 /* juce_audio_plugin_client_AU_2.mm in Sources */ = {isa = PBXBuildFile; fileRef = 9F7BDCF8A08EE1EF06252342 /* juce_audio_plugin_client_AU_2.mm */; };
		A068599CF7E166847EE45D5F /* AudioToolbox.framework in Frameworks */ = {isa = PBXBuildFile; fileRef = A206765795252391D3F60EA4 /* AudioToolbox.framework */; };
		A135B77ECC75825288B59AD1 /* juce_audio_basics.mm in Sources */ = {isa = PBXBuildFile; fileRef = F68C44DED59A1830DEC06DDB /* juce_audio_basics.mm */; };
		AB1CA2580B4A152E93E261AB /* CoreAudio.framework in Frameworks */ = {isa = PBXBuildFile; fileRef = C37123DA8D32C1B6FC09FFF2 /* CoreAudio.framework */; };
		AC4649F24DEB64237B6EC77F /* juce_core.mm in Sources */ = {isa = PBXBuildFile; fileRef = C9D905FA9696DA2A6A347EF1 /* juce_core.mm */; };
		B003460B11C0B7C1CC07E666 /* RecentFilesMenuTemplate.nib in Resources */ = {isa = PBXBuildFile; fileRef = 0926E36205F4D676343AB6E7 /* RecentFilesMenuTemplate.nib */; };
		B46C12D99498E9FA8F1D083A /* WebKit.framework in Frameworks */ = {isa = PBXBuildFile; fileRef = A59A08DCC76EE0FC7EBE1203 /* WebKit.framework */; };
		B7E4EFDAE8E894D1F8D2C501 /* juce_data_structures.mm in Sources */ = {isa = PBXBuildFile; fileRef = 581F2233A2A749DE9410A562 /* juce_data_structures.mm */; };
		CBEE8BA08EA81BC9612EB237 /* juce_audio_devices.mm in Sources */ = {isa = PBXBuildFile; fileRef = 0E062265A0862663225F3BE4 /* juce_audio_devices.mm */; };
		CC4D3A6F1EF2934059AA9FEB /* IOKit.framework in Frameworks */ = {isa = PBXBuildFile; fileRef = 61848A238C57C54BF83884C3 /* IOKit.framework */; };
		D8EA61FEC398A5C223891C51 /* Carbon.framework in Frameworks */ = {isa = PBXBuildFile; fileRef = 188AEC2A029C41DE66359AEF /* Carbon.framework */; };
		DB487CE9B3A328B55746C3DF /* juce_audio_plugin_client_utils.cpp in Sources */ = {isa = PBXBuildFile; fileRef = D08C27F8345396F820964619 /* juce_audio_plugin_client_utils.cpp */; };
		E3160BC3BA6B0F9585CD0BF3 /* juce_graphics.mm in Sources */ = {isa = PBXBuildFile; fileRef = FFBD7990C953B06E95CA494D /* juce_graphics.mm */; };
		E32999B782F688D3746FEB08 /* PluginEditor.cpp in Sources */ = {isa = PBXBuildFile; fileRef = 9EC0C4C02099C656EEF39DA9 /* PluginEditor.cpp */; };
		ECF60C3CF6D180AAFF43C822 /* DiscRecording.framework in Frameworks */ = {isa = PBXBuildFile; fileRef = 28F65EEAFB3B971E8EDB10F3 /* DiscRecording.framework */; };
		EE647BD9D420B3000BA55CA0 /* juce_events.mm in Sources */ = {isa = PBXBuildFile; fileRef = 19C97715E5944E41CEFA3F14 /* juce_events.mm */; };
		F28CB4A3EF7107E836B8A229 /* juce_audio_plugin_client_VST_utils.mm in Sources */ = {isa = PBXBuildFile; fileRef = 6A3C0733887F9F9DF5AC6109 /* juce_audio_plugin_client_VST_utils.mm */; };
		F37F96986DD58C4B8ED9A214 /* Cocoa.framework in Frameworks */ = {isa = PBXBuildFile; fileRef = 7EC813E6F2E7303438F82090 /* Cocoa.framework */; };
/* End PBXBuildFile section */

/* Begin PBXContainerItemProxy section */
		36FF4A121DABF68200937DD6 /* PBXContainerItemProxy */ = {
			isa = PBXContainerItemProxy;
			containerPortal = 85250052F3E019894332668E /* Project object */;
			proxyType = 1;
			remoteGlobalIDString = 921CB4BBA34ADBC5270F81EF;
			remoteInfo = "JuceDemoPlugin (VST)";
		};
		36FF4A131DABF68200937DD6 /* PBXContainerItemProxy */ = {
			isa = PBXContainerItemProxy;
			containerPortal = 85250052F3E019894332668E /* Project object */;
			proxyType = 1;
			remoteGlobalIDString = C3F206BB3277FBADE3BD615B;
			remoteInfo = "JuceDemoPlugin (Shared Code)";
		};
		36FF4A141DABF68200937DD6 /* PBXContainerItemProxy */ = {
			isa = PBXContainerItemProxy;
			containerPortal = 85250052F3E019894332668E /* Project object */;
			proxyType = 1;
			remoteGlobalIDString = 03F6829513830045329610BB;
			remoteInfo = "JuceDemoPlugin (VST3)";
		};
		36FF4A151DABF68200937DD6 /* PBXContainerItemProxy */ = {
			isa = PBXContainerItemProxy;
			containerPortal = 85250052F3E019894332668E /* Project object */;
			proxyType = 1;
			remoteGlobalIDString = 71E1E34CFC671ACBBCE0726C;
			remoteInfo = "JuceDemoPlugin (AU)";
		};
/* End PBXContainerItemProxy section */

/* Begin PBXFileReference section */
		082EED9B0127415E4A78CAAF /* juce_audio_plugin_client_AU_1.mm */ = {isa = PBXFileReference; lastKnownFileType = sourcecode.cpp.objcpp; name = juce_audio_plugin_client_AU_1.mm; path = ../../JuceLibraryCode/juce_audio_plugin_client_AU_1.mm; sourceTree = SOURCE_ROOT; };
		0926E36205F4D676343AB6E7 /* RecentFilesMenuTemplate.nib */ = {isa = PBXFileReference; lastKnownFileType = file.nib; path = RecentFilesMenuTemplate.nib; sourceTree = SOURCE_ROOT; };
		0E062265A0862663225F3BE4 /* juce_audio_devices.mm */ = {isa = PBXFileReference; lastKnownFileType = sourcecode.cpp.objcpp; name = juce_audio_devices.mm; path = ../../JuceLibraryCode/juce_audio_devices.mm; sourceTree = SOURCE_ROOT; };
		12E665A9E9A675668AF160A9 /* Info-VST.plist */ = {isa = PBXFileReference; lastKnownFileType = text.plist.xml; path = "Info-VST.plist"; sourceTree = SOURCE_ROOT; };
		188AEC2A029C41DE66359AEF /* Carbon.framework */ = {isa = PBXFileReference; lastKnownFileType = wrapper.framework; name = Carbon.framework; path = System/Library/Frameworks/Carbon.framework; sourceTree = SDKROOT; };
		19C97715E5944E41CEFA3F14 /* juce_events.mm */ = {isa = PBXFileReference; lastKnownFileType = sourcecode.cpp.objcpp; name = juce_events.mm; path = ../../JuceLibraryCode/juce_events.mm; sourceTree = SOURCE_ROOT; };
		1AF4856520E8BFF4A039CD6B /* WavegenPlugin.component */ = {isa = PBXFileReference; explicitFileType = wrapper.cfbundle; includeInIndex = 0; path = WavegenPlugin.component; sourceTree = BUILT_PRODUCTS_DIR; };
		237A06C79035CA7B2568FEA3 /* juce_audio_plugin_client_VST3.cpp */ = {isa = PBXFileReference; lastKnownFileType = sourcecode.cpp.cpp; name = juce_audio_plugin_client_VST3.cpp; path = ../../JuceLibraryCode/juce_audio_plugin_client_VST3.cpp; sourceTree = SOURCE_ROOT; };
		28F65EEAFB3B971E8EDB10F3 /* DiscRecording.framework */ = {isa = PBXFileReference; lastKnownFileType = wrapper.framework; name = DiscRecording.framework; path = System/Library/Frameworks/DiscRecording.framework; sourceTree = SDKROOT; };
		2E58109147CCFC780F10C23D /* AudioUnit.framework */ = {isa = PBXFileReference; lastKnownFileType = wrapper.framework; name = AudioUnit.framework; path = System/Library/Frameworks/AudioUnit.framework; sourceTree = SDKROOT; };
		360C3DE41DC65BAA00BA39C2 /* minBlepGenerator.cpp */ = {isa = PBXFileReference; fileEncoding = 4; lastKnownFileType = sourcecode.cpp.cpp; name = minBlepGenerator.cpp; path = ../../Source/minBlepGenerator.cpp; sourceTree = "<group>"; };
		360C3DE51DC65BAA00BA39C2 /* minBlepGenerator.h */ = {isa = PBXFileReference; fileEncoding = 4; lastKnownFileType = sourcecode.c.h; name = minBlepGenerator.h; path = ../../Source/minBlepGenerator.h; sourceTree = "<group>"; };
		360C3DE81DC65D7E00BA39C2 /* _kiss_fft_guts.h */ = {isa = PBXFileReference; fileEncoding = 4; lastKnownFileType = sourcecode.c.h; name = _kiss_fft_guts.h; path = ../../Source/kiss_fft130/_kiss_fft_guts.h; sourceTree = "<group>"; };
		360C3DE91DC65D7E00BA39C2 /* kiss_fft.c */ = {isa = PBXFileReference; fileEncoding = 4; lastKnownFileType = sourcecode.c.c; name = kiss_fft.c; path = ../../Source/kiss_fft130/kiss_fft.c; sourceTree = "<group>"; };
		360C3DEA1DC65D7E00BA39C2 /* kiss_fft.h */ = {isa = PBXFileReference; fileEncoding = 4; lastKnownFileType = sourcecode.c.h; name = kiss_fft.h; path = ../../Source/kiss_fft130/kiss_fft.h; sourceTree = "<group>"; };
		360C3DEB1DC65D7E00BA39C2 /* kissfft.hh */ = {isa = PBXFileReference; fileEncoding = 4; lastKnownFileType = sourcecode.cpp.h; name = kissfft.hh; path = ../../Source/kiss_fft130/kissfft.hh; sourceTree = "<group>"; };
		360C3DED1DC65DB600BA39C2 /* FFTKiss.cpp */ = {isa = PBXFileReference; fileEncoding = 4; lastKnownFileType = sourcecode.cpp.cpp; name = FFTKiss.cpp; path = ../../Source/FFTKiss.cpp; sourceTree = "<group>"; };
		360C3DEE1DC65DB600BA39C2 /* FFTKiss.h */ = {isa = PBXFileReference; fileEncoding = 4; lastKnownFileType = sourcecode.c.h; name = FFTKiss.h; path = ../../Source/FFTKiss.h; sourceTree = "<group>"; };
		360C3DF01DC661E100BA39C2 /* kiss_fftr.c */ = {isa = PBXFileReference; fileEncoding = 4; lastKnownFileType = sourcecode.c.c; name = kiss_fftr.c; path = ../../Source/kiss_fft130/tools/kiss_fftr.c; sourceTree = "<group>"; };
		360C3DF11DC661E100BA39C2 /* kiss_fftr.h */ = {isa = PBXFileReference; fileEncoding = 4; lastKnownFileType = sourcecode.c.h; name = kiss_fftr.h; path = ../../Source/kiss_fft130/tools/kiss_fftr.h; sourceTree = "<group>"; };
		36B277E01DC5307600D9DEC0 /* WaveGenerator.cpp */ = {isa = PBXFileReference; fileEncoding = 4; lastKnownFileType = sourcecode.cpp.cpp; name = WaveGenerator.cpp; path = ../../Source/WaveGenerator.cpp; sourceTree = "<group>"; };
		36B277E11DC5307600D9DEC0 /* WaveGenerator.h */ = {isa = PBXFileReference; fileEncoding = 4; lastKnownFileType = sourcecode.c.h; name = WaveGenerator.h; path = ../../Source/WaveGenerator.h; sourceTree = "<group>"; };
		464486542EDBD5301EEEE8C1 /* WavegenPlugin.vst3 */ = {isa = PBXFileReference; explicitFileType = wrapper.cfbundle; includeInIndex = 0; path = WavegenPlugin.vst3; sourceTree = BUILT_PRODUCTS_DIR; };
		47FBF723E148B63CF86281D4 /* juce_audio_plugin_client_VST2.cpp */ = {isa = PBXFileReference; lastKnownFileType = sourcecode.cpp.cpp; name = juce_audio_plugin_client_VST2.cpp; path = ../../JuceLibraryCode/juce_audio_plugin_client_VST2.cpp; sourceTree = SOURCE_ROOT; };
		4D6248E85C22578615FA809C /* libWavegenPlugin.a */ = {isa = PBXFileReference; explicitFileType = archive.ar; includeInIndex = 0; path = libWavegenPlugin.a; sourceTree = BUILT_PRODUCTS_DIR; };
		537D65EF3BBBDFC4651D389D /* Accelerate.framework */ = {isa = PBXFileReference; lastKnownFileType = wrapper.framework; name = Accelerate.framework; path = System/Library/Frameworks/Accelerate.framework; sourceTree = SDKROOT; };
		581F2233A2A749DE9410A562 /* juce_data_structures.mm */ = {isa = PBXFileReference; lastKnownFileType = sourcecode.cpp.objcpp; name = juce_data_structures.mm; path = ../../JuceLibraryCode/juce_data_structures.mm; sourceTree = SOURCE_ROOT; };
		58E978708BAA8613A40F61E3 /* QuartzCore.framework */ = {isa = PBXFileReference; lastKnownFileType = wrapper.framework; name = QuartzCore.framework; path = System/Library/Frameworks/QuartzCore.framework; sourceTree = SDKROOT; };
		5E974DD6DD17E4C03295B1EA /* juce_audio_utils.mm */ = {isa = PBXFileReference; lastKnownFileType = sourcecode.cpp.objcpp; name = juce_audio_utils.mm; path = ../../JuceLibraryCode/juce_audio_utils.mm; sourceTree = SOURCE_ROOT; };
		60C4A1A1B5405793C18D5A16 /* juce_gui_extra.mm */ = {isa = PBXFileReference; lastKnownFileType = sourcecode.cpp.objcpp; name = juce_gui_extra.mm; path = ../../JuceLibraryCode/juce_gui_extra.mm; sourceTree = SOURCE_ROOT; };
		61848A238C57C54BF83884C3 /* IOKit.framework */ = {isa = PBXFileReference; lastKnownFileType = wrapper.framework; name = IOKit.framework; path = System/Library/Frameworks/IOKit.framework; sourceTree = SDKROOT; };
		64417DE78D1B1D10EC6E4146 /* WavegenPlugin.vst */ = {isa = PBXFileReference; explicitFileType = wrapper.cfbundle; includeInIndex = 0; path = WavegenPlugin.vst; sourceTree = BUILT_PRODUCTS_DIR; };
		682D51082D9FE9859F364A10 /* PluginProcessor.cpp */ = {isa = PBXFileReference; lastKnownFileType = sourcecode.cpp.cpp; name = PluginProcessor.cpp; path = ../../Source/PluginProcessor.cpp; sourceTree = SOURCE_ROOT; };
		6A3C0733887F9F9DF5AC6109 /* juce_audio_plugin_client_VST_utils.mm */ = {isa = PBXFileReference; lastKnownFileType = sourcecode.cpp.objcpp; name = juce_audio_plugin_client_VST_utils.mm; path = ../../JuceLibraryCode/juce_audio_plugin_client_VST_utils.mm; sourceTree = SOURCE_ROOT; };
		750F3B1989AEC12FF245BE70 /* PluginEditor.h */ = {isa = PBXFileReference; lastKnownFileType = sourcecode.c.h; name = PluginEditor.h; path = ../../Source/PluginEditor.h; sourceTree = SOURCE_ROOT; };
		7EC813E6F2E7303438F82090 /* Cocoa.framework */ = {isa = PBXFileReference; lastKnownFileType = wrapper.framework; name = Cocoa.framework; path = System/Library/Frameworks/Cocoa.framework; sourceTree = SDKROOT; };
		844343AA474A10F4CD613ACF /* AppConfig.h */ = {isa = PBXFileReference; lastKnownFileType = sourcecode.c.h; name = AppConfig.h; path = ../../JuceLibraryCode/AppConfig.h; sourceTree = SOURCE_ROOT; };
		85953323F917885511BC7FD1 /* CoreAudioKit.framework */ = {isa = PBXFileReference; lastKnownFileType = wrapper.framework; name = CoreAudioKit.framework; path = System/Library/Frameworks/CoreAudioKit.framework; sourceTree = SDKROOT; };
		8635014BA097A2E54C2C2384 /* juce_audio_processors.mm */ = {isa = PBXFileReference; lastKnownFileType = sourcecode.cpp.objcpp; name = juce_audio_processors.mm; path = ../../JuceLibraryCode/juce_audio_processors.mm; sourceTree = SOURCE_ROOT; };
		8B67A16CB449160267AA05BB /* Info-AU.plist */ = {isa = PBXFileReference; lastKnownFileType = text.plist.xml; path = "Info-AU.plist"; sourceTree = SOURCE_ROOT; };
		8FB68CA43E49DD39E013DB82 /* JuceHeader.h */ = {isa = PBXFileReference; lastKnownFileType = sourcecode.c.h; name = JuceHeader.h; path = ../../JuceLibraryCode/JuceHeader.h; sourceTree = SOURCE_ROOT; };
		93FBD648EA104B18DC9502FD /* SinewaveSynth.h */ = {isa = PBXFileReference; lastKnownFileType = sourcecode.c.h; name = SinewaveSynth.h; path = ../../Source/SinewaveSynth.h; sourceTree = SOURCE_ROOT; };
		9EC0C4C02099C656EEF39DA9 /* PluginEditor.cpp */ = {isa = PBXFileReference; lastKnownFileType = sourcecode.cpp.cpp; name = PluginEditor.cpp; path = ../../Source/PluginEditor.cpp; sourceTree = SOURCE_ROOT; };
		9F7BDCF8A08EE1EF06252342 /* juce_audio_plugin_client_AU_2.mm */ = {isa = PBXFileReference; lastKnownFileType = sourcecode.cpp.objcpp; name = juce_audio_plugin_client_AU_2.mm; path = ../../JuceLibraryCode/juce_audio_plugin_client_AU_2.mm; sourceTree = SOURCE_ROOT; };
		A206765795252391D3F60EA4 /* AudioToolbox.framework */ = {isa = PBXFileReference; lastKnownFileType = wrapper.framework; name = AudioToolbox.framework; path = System/Library/Frameworks/AudioToolbox.framework; sourceTree = SDKROOT; };
		A59A08DCC76EE0FC7EBE1203 /* WebKit.framework */ = {isa = PBXFileReference; lastKnownFileType = wrapper.framework; name = WebKit.framework; path = System/Library/Frameworks/WebKit.framework; sourceTree = SDKROOT; };
		BA98346EFD1037285E245CC9 /* CoreMIDI.framework */ = {isa = PBXFileReference; lastKnownFileType = wrapper.framework; name = CoreMIDI.framework; path = System/Library/Frameworks/CoreMIDI.framework; sourceTree = SDKROOT; };
		C37123DA8D32C1B6FC09FFF2 /* CoreAudio.framework */ = {isa = PBXFileReference; lastKnownFileType = wrapper.framework; name = CoreAudio.framework; path = System/Library/Frameworks/CoreAudio.framework; sourceTree = SDKROOT; };
		C4CA0BF69BD074C55F7BD871 /* PluginProcessor.h */ = {isa = PBXFileReference; lastKnownFileType = sourcecode.c.h; name = PluginProcessor.h; path = ../../Source/PluginProcessor.h; sourceTree = SOURCE_ROOT; };
		C9D905FA9696DA2A6A347EF1 /* juce_core.mm */ = {isa = PBXFileReference; lastKnownFileType = sourcecode.cpp.objcpp; name = juce_core.mm; path = ../../JuceLibraryCode/juce_core.mm; sourceTree = SOURCE_ROOT; };
		CF99F55660DC79DAE3D0D1A2 /* Info-VST3.plist */ = {isa = PBXFileReference; lastKnownFileType = text.plist.xml; path = "Info-VST3.plist"; sourceTree = SOURCE_ROOT; };
		D08C27F8345396F820964619 /* juce_audio_plugin_client_utils.cpp */ = {isa = PBXFileReference; lastKnownFileType = sourcecode.cpp.cpp; name = juce_audio_plugin_client_utils.cpp; path = ../../JuceLibraryCode/juce_audio_plugin_client_utils.cpp; sourceTree = SOURCE_ROOT; };
		E4D287DE19F3B62153A4CAF9 /* juce_gui_basics.mm */ = {isa = PBXFileReference; lastKnownFileType = sourcecode.cpp.objcpp; name = juce_gui_basics.mm; path = ../../JuceLibraryCode/juce_gui_basics.mm; sourceTree = SOURCE_ROOT; };
		F5E9ED24FCF950C2B09ED67C /* JuceDemoPlugin.entitlements */ = {isa = PBXFileReference; lastKnownFileType = text.plist.xml; path = JuceDemoPlugin.entitlements; sourceTree = SOURCE_ROOT; };
		F68C44DED59A1830DEC06DDB /* juce_audio_basics.mm */ = {isa = PBXFileReference; lastKnownFileType = sourcecode.cpp.objcpp; name = juce_audio_basics.mm; path = ../../JuceLibraryCode/juce_audio_basics.mm; sourceTree = SOURCE_ROOT; };
		F87AC3FCCA31FB0B419456B2 /* juce_audio_formats.mm */ = {isa = PBXFileReference; lastKnownFileType = sourcecode.cpp.objcpp; name = juce_audio_formats.mm; path = ../../JuceLibraryCode/juce_audio_formats.mm; sourceTree = SOURCE_ROOT; };
		FFBD7990C953B06E95CA494D /* juce_graphics.mm */ = {isa = PBXFileReference; lastKnownFileType = sourcecode.cpp.objcpp; name = juce_graphics.mm; path = ../../JuceLibraryCode/juce_graphics.mm; sourceTree = SOURCE_ROOT; };
/* End PBXFileReference section */

/* Begin PBXFrameworksBuildPhase section */
		401B24CA453ED2BFC0EB2E89 /* Frameworks */ = {
			isa = PBXFrameworksBuildPhase;
			buildActionMask = 2147483647;
			files = (
				221B97F3CD062F71EBEBA165 /* Accelerate.framework in Frameworks */,
				A068599CF7E166847EE45D5F /* AudioToolbox.framework in Frameworks */,
				D8EA61FEC398A5C223891C51 /* Carbon.framework in Frameworks */,
				F37F96986DD58C4B8ED9A214 /* Cocoa.framework in Frameworks */,
				AB1CA2580B4A152E93E261AB /* CoreAudio.framework in Frameworks */,
				27E7A851C1C94C16A74C6D07 /* CoreMIDI.framework in Frameworks */,
				ECF60C3CF6D180AAFF43C822 /* DiscRecording.framework in Frameworks */,
				CC4D3A6F1EF2934059AA9FEB /* IOKit.framework in Frameworks */,
				221F46E90C0A8651AB76A0E5 /* QuartzCore.framework in Frameworks */,
				B46C12D99498E9FA8F1D083A /* WebKit.framework in Frameworks */,
			);
			runOnlyForDeploymentPostprocessing = 0;
		};
		543F0A994B5AC3479C27489E /* Frameworks */ = {
			isa = PBXFrameworksBuildPhase;
			buildActionMask = 2147483647;
			files = (
				36FF49FD1DABF68000937DD6 /* Accelerate.framework in Frameworks */,
				36FF49FE1DABF68000937DD6 /* AudioToolbox.framework in Frameworks */,
				36FF49FF1DABF68000937DD6 /* Carbon.framework in Frameworks */,
				36FF4A001DABF68000937DD6 /* Cocoa.framework in Frameworks */,
				36FF4A011DABF68000937DD6 /* CoreAudio.framework in Frameworks */,
				36FF4A021DABF68000937DD6 /* CoreMIDI.framework in Frameworks */,
				36FF4A031DABF68000937DD6 /* DiscRecording.framework in Frameworks */,
				36FF4A041DABF68000937DD6 /* IOKit.framework in Frameworks */,
				36FF4A051DABF68000937DD6 /* QuartzCore.framework in Frameworks */,
				36FF4A061DABF68000937DD6 /* WebKit.framework in Frameworks */,
			);
			runOnlyForDeploymentPostprocessing = 0;
		};
		64E573E6435BAEE1B47EF7E9 /* Frameworks */ = {
			isa = PBXFrameworksBuildPhase;
			buildActionMask = 2147483647;
			files = (
				36FF4A081DABF68000937DD6 /* Accelerate.framework in Frameworks */,
				36FF4A091DABF68000937DD6 /* AudioToolbox.framework in Frameworks */,
				61792EFEB47D87819D7676C2 /* AudioUnit.framework in Frameworks */,
				36FF4A0A1DABF68000937DD6 /* Carbon.framework in Frameworks */,
				36FF4A0B1DABF68000937DD6 /* Cocoa.framework in Frameworks */,
				36FF4A0C1DABF68000937DD6 /* CoreAudio.framework in Frameworks */,
				5F77B836D606798439490820 /* CoreAudioKit.framework in Frameworks */,
				36FF4A0D1DABF68000937DD6 /* CoreMIDI.framework in Frameworks */,
				36FF4A0E1DABF68000937DD6 /* DiscRecording.framework in Frameworks */,
				36FF4A0F1DABF68000937DD6 /* IOKit.framework in Frameworks */,
				36FF4A101DABF68000937DD6 /* QuartzCore.framework in Frameworks */,
				36FF4A111DABF68000937DD6 /* WebKit.framework in Frameworks */,
			);
			runOnlyForDeploymentPostprocessing = 0;
		};
/* End PBXFrameworksBuildPhase section */

/* Begin PBXGroup section */
		227AE5B2ACBB7881D9552404 /* Products */ = {
			isa = PBXGroup;
			children = (
				64417DE78D1B1D10EC6E4146 /* WavegenPlugin.vst */,
				464486542EDBD5301EEEE8C1 /* WavegenPlugin.vst3 */,
				1AF4856520E8BFF4A039CD6B /* WavegenPlugin.component */,
				4D6248E85C22578615FA809C /* libWavegenPlugin.a */,
			);
			name = Products;
			sourceTree = "<group>";
		};
		239B4D5DE50B3B7A16114C15 /* Resources */ = {
			isa = PBXGroup;
			children = (
				12E665A9E9A675668AF160A9 /* Info-VST.plist */,
				CF99F55660DC79DAE3D0D1A2 /* Info-VST3.plist */,
				8B67A16CB449160267AA05BB /* Info-AU.plist */,
				0926E36205F4D676343AB6E7 /* RecentFilesMenuTemplate.nib */,
			);
			name = Resources;
			sourceTree = "<group>";
		};
		360C3DE71DC65D7200BA39C2 /* kiss FFT */ = {
			isa = PBXGroup;
			children = (
				360C3DF01DC661E100BA39C2 /* kiss_fftr.c */,
				360C3DF11DC661E100BA39C2 /* kiss_fftr.h */,
				360C3DE81DC65D7E00BA39C2 /* _kiss_fft_guts.h */,
				360C3DE91DC65D7E00BA39C2 /* kiss_fft.c */,
				360C3DEA1DC65D7E00BA39C2 /* kiss_fft.h */,
				360C3DEB1DC65D7E00BA39C2 /* kissfft.hh */,
			);
			name = "kiss FFT";
			sourceTree = "<group>";
		};
		36F520951DB1DC200004D0F3 /* SC - temp */ = {
			isa = PBXGroup;
			children = (
			);
			name = "SC - temp";
			sourceTree = "<group>";
		};
		36FF4A161DABFB1C00937DD6 /* Juce Modules */ = {
			isa = PBXGroup;
			children = (
			);
			name = "Juce Modules";
			sourceTree = "<group>";
		};
		4074359E1E7C4D54E87C3461 /* Source */ = {
			isa = PBXGroup;
			children = (
				36F520951DB1DC200004D0F3 /* SC - temp */,
				F5E9ED24FCF950C2B09ED67C /* JuceDemoPlugin.entitlements */,
				F4E255C7FF120419035C8CBE /* JuceDemoPlugin */,
				36FF4A161DABFB1C00937DD6 /* Juce Modules */,
				83470AD511CD6CC1E485F29B /* Juce Library Code */,
				239B4D5DE50B3B7A16114C15 /* Resources */,
				7EA0AEAFB626CDF5E0038ED5 /* Frameworks */,
				227AE5B2ACBB7881D9552404 /* Products */,
			);
			name = Source;
			sourceTree = "<group>";
		};
		7EA0AEAFB626CDF5E0038ED5 /* Frameworks */ = {
			isa = PBXGroup;
			children = (
				537D65EF3BBBDFC4651D389D /* Accelerate.framework */,
				A206765795252391D3F60EA4 /* AudioToolbox.framework */,
				2E58109147CCFC780F10C23D /* AudioUnit.framework */,
				188AEC2A029C41DE66359AEF /* Carbon.framework */,
				7EC813E6F2E7303438F82090 /* Cocoa.framework */,
				C37123DA8D32C1B6FC09FFF2 /* CoreAudio.framework */,
				85953323F917885511BC7FD1 /* CoreAudioKit.framework */,
				BA98346EFD1037285E245CC9 /* CoreMIDI.framework */,
				28F65EEAFB3B971E8EDB10F3 /* DiscRecording.framework */,
				61848A238C57C54BF83884C3 /* IOKit.framework */,
				58E978708BAA8613A40F61E3 /* QuartzCore.framework */,
				A59A08DCC76EE0FC7EBE1203 /* WebKit.framework */,
			);
			name = Frameworks;
			sourceTree = "<group>";
		};
		83470AD511CD6CC1E485F29B /* Juce Library Code */ = {
			isa = PBXGroup;
			children = (
				844343AA474A10F4CD613ACF /* AppConfig.h */,
				F68C44DED59A1830DEC06DDB /* juce_audio_basics.mm */,
				0E062265A0862663225F3BE4 /* juce_audio_devices.mm */,
				F87AC3FCCA31FB0B419456B2 /* juce_audio_formats.mm */,
				082EED9B0127415E4A78CAAF /* juce_audio_plugin_client_AU_1.mm */,
				9F7BDCF8A08EE1EF06252342 /* juce_audio_plugin_client_AU_2.mm */,
				D08C27F8345396F820964619 /* juce_audio_plugin_client_utils.cpp */,
				6A3C0733887F9F9DF5AC6109 /* juce_audio_plugin_client_VST_utils.mm */,
				47FBF723E148B63CF86281D4 /* juce_audio_plugin_client_VST2.cpp */,
				237A06C79035CA7B2568FEA3 /* juce_audio_plugin_client_VST3.cpp */,
				8635014BA097A2E54C2C2384 /* juce_audio_processors.mm */,
				5E974DD6DD17E4C03295B1EA /* juce_audio_utils.mm */,
				C9D905FA9696DA2A6A347EF1 /* juce_core.mm */,
				581F2233A2A749DE9410A562 /* juce_data_structures.mm */,
				19C97715E5944E41CEFA3F14 /* juce_events.mm */,
				FFBD7990C953B06E95CA494D /* juce_graphics.mm */,
				E4D287DE19F3B62153A4CAF9 /* juce_gui_basics.mm */,
				60C4A1A1B5405793C18D5A16 /* juce_gui_extra.mm */,
				8FB68CA43E49DD39E013DB82 /* JuceHeader.h */,
			);
			name = "Juce Library Code";
			sourceTree = "<group>";
		};
		F4E255C7FF120419035C8CBE /* JuceDemoPlugin */ = {
			isa = PBXGroup;
			children = (
				360C3DE71DC65D7200BA39C2 /* kiss FFT */,
				9EC0C4C02099C656EEF39DA9 /* PluginEditor.cpp */,
				750F3B1989AEC12FF245BE70 /* PluginEditor.h */,
				682D51082D9FE9859F364A10 /* PluginProcessor.cpp */,
				C4CA0BF69BD074C55F7BD871 /* PluginProcessor.h */,
				93FBD648EA104B18DC9502FD /* SinewaveSynth.h */,
				360C3DE41DC65BAA00BA39C2 /* minBlepGenerator.cpp */,
				360C3DE51DC65BAA00BA39C2 /* minBlepGenerator.h */,
				36B277E01DC5307600D9DEC0 /* WaveGenerator.cpp */,
				36B277E11DC5307600D9DEC0 /* WaveGenerator.h */,
				360C3DED1DC65DB600BA39C2 /* FFTKiss.cpp */,
				360C3DEE1DC65DB600BA39C2 /* FFTKiss.h */,
			);
			name = JuceDemoPlugin;
			sourceTree = "<group>";
		};
/* End PBXGroup section */

/* Begin PBXNativeTarget section */
		03F6829513830045329610BB /* WavegenPlugin (VST3) */ = {
			isa = PBXNativeTarget;
			buildConfigurationList = EACEF56177D0E9262CB5FB82 /* Build configuration list for PBXNativeTarget "WavegenPlugin (VST3)" */;
			buildPhases = (
				0F2E05BC557F712359B8A9EB /* Resources */,
				0F041AFA4DBFCC6D0F1BAF6D /* Sources */,
				543F0A994B5AC3479C27489E /* Frameworks */,
			);
			buildRules = (
			);
			dependencies = (
				603921D0E698F75EB96EAC53 /* PBXTargetDependency */,
			);
			name = "WavegenPlugin (VST3)";
			productName = JuceDemoPlugin;
			productReference = 464486542EDBD5301EEEE8C1 /* WavegenPlugin.vst3 */;
			productType = "com.apple.product-type.bundle";
		};
		71E1E34CFC671ACBBCE0726C /* WavegenPlugin (AU) */ = {
			isa = PBXNativeTarget;
			buildConfigurationList = 64536AF1BFB1A606B45A66AB /* Build configuration list for PBXNativeTarget "WavegenPlugin (AU)" */;
			buildPhases = (
				98265196468E8519A8CB7DDB /* Resources */,
				60542F4F7805D965FF306DF1 /* Rez */,
				37F22BD1952B828C02A1154C /* Sources */,
				64E573E6435BAEE1B47EF7E9 /* Frameworks */,
			);
			buildRules = (
			);
			dependencies = (
				603921D0E698F75EB96EAC53 /* PBXTargetDependency */,
			);
			name = "WavegenPlugin (AU)";
			productName = JuceDemoPlugin;
			productReference = 1AF4856520E8BFF4A039CD6B /* WavegenPlugin.component */;
			productType = "com.apple.product-type.bundle";
		};
		921CB4BBA34ADBC5270F81EF /* WavegenPlugin (VST) */ = {
			isa = PBXNativeTarget;
			buildConfigurationList = 85C4751D439D706F84718BB4 /* Build configuration list for PBXNativeTarget "WavegenPlugin (VST)" */;
			buildPhases = (
				A9C5EEDC68735C4FD82BD179 /* Resources */,
				8FC8AA9EA1AC4A26A5275F62 /* Sources */,
				401B24CA453ED2BFC0EB2E89 /* Frameworks */,
			);
			buildRules = (
			);
			dependencies = (
				603921D0E698F75EB96EAC53 /* PBXTargetDependency */,
			);
			name = "WavegenPlugin (VST)";
			productName = JuceDemoPlugin;
			productReference = 64417DE78D1B1D10EC6E4146 /* WavegenPlugin.vst */;
			productType = "com.apple.product-type.bundle";
		};
		C3F206BB3277FBADE3BD615B /* WavegenPlugin (Shared Code) */ = {
			isa = PBXNativeTarget;
			buildConfigurationList = 08D73ACBC0F6E2A4747629EE /* Build configuration list for PBXNativeTarget "WavegenPlugin (Shared Code)" */;
			buildPhases = (
				4E087312D44130771EB1E9C2 /* Sources */,
			);
			buildRules = (
			);
			dependencies = (
			);
			name = "WavegenPlugin (Shared Code)";
			productName = JuceDemoPlugin;
			productReference = 4D6248E85C22578615FA809C /* libWavegenPlugin.a */;
			productType = "com.apple.product-type.library.static";
		};
/* End PBXNativeTarget section */

/* Begin PBXProject section */
		85250052F3E019894332668E /* Project object */ = {
			isa = PBXProject;
			attributes = {
				LastUpgradeCheck = 0440;
				TargetAttributes = {
					03F6829513830045329610BB = {
						SystemCapabilities = {
							com.apple.InAppPurchase = {
								enabled = 0;
							};
							com.apple.Sandbox = {
								enabled = 0;
							};
						};
					};
					71E1E34CFC671ACBBCE0726C = {
						SystemCapabilities = {
							com.apple.InAppPurchase = {
								enabled = 0;
							};
							com.apple.Sandbox = {
								enabled = 0;
							};
						};
					};
					921CB4BBA34ADBC5270F81EF = {
						SystemCapabilities = {
							com.apple.InAppPurchase = {
								enabled = 0;
							};
							com.apple.Sandbox = {
								enabled = 0;
							};
						};
					};
					C3F206BB3277FBADE3BD615B = {
						SystemCapabilities = {
							com.apple.InAppPurchase = {
								enabled = 0;
							};
							com.apple.Sandbox = {
								enabled = 0;
							};
						};
					};
					D4A200CA175E6673EB359B63 = {
						SystemCapabilities = {
							com.apple.InAppPurchase = {
								enabled = 0;
							};
							com.apple.Sandbox = {
								enabled = 0;
							};
						};
					};
				};
			};
			buildConfigurationList = 0720B453F376663EAB98BF9B /* Build configuration list for PBXProject "WavegenPlugin" */;
			compatibilityVersion = "Xcode 3.2";
			developmentRegion = English;
			hasScannedForEncodings = 0;
			knownRegions = (
				en,
			);
			mainGroup = 4074359E1E7C4D54E87C3461 /* Source */;
			projectDirPath = "";
			projectRoot = "";
			targets = (
				D4A200CA175E6673EB359B63 /* WavegenPlugin (All) */,
				921CB4BBA34ADBC5270F81EF /* WavegenPlugin (VST) */,
				03F6829513830045329610BB /* WavegenPlugin (VST3) */,
				71E1E34CFC671ACBBCE0726C /* WavegenPlugin (AU) */,
				C3F206BB3277FBADE3BD615B /* WavegenPlugin (Shared Code) */,
			);
		};
/* End PBXProject section */

/* Begin PBXResourcesBuildPhase section */
		0F2E05BC557F712359B8A9EB /* Resources */ = {
			isa = PBXResourcesBuildPhase;
			buildActionMask = 2147483647;
			files = (
				36FF49FC1DABF68000937DD6 /* RecentFilesMenuTemplate.nib in Resources */,
			);
			runOnlyForDeploymentPostprocessing = 0;
		};
		98265196468E8519A8CB7DDB /* Resources */ = {
			isa = PBXResourcesBuildPhase;
			buildActionMask = 2147483647;
			files = (
				36FF4A071DABF68000937DD6 /* RecentFilesMenuTemplate.nib in Resources */,
			);
			runOnlyForDeploymentPostprocessing = 0;
		};
		A9C5EEDC68735C4FD82BD179 /* Resources */ = {
			isa = PBXResourcesBuildPhase;
			buildActionMask = 2147483647;
			files = (
				B003460B11C0B7C1CC07E666 /* RecentFilesMenuTemplate.nib in Resources */,
			);
			runOnlyForDeploymentPostprocessing = 0;
		};
/* End PBXResourcesBuildPhase section */

/* Begin PBXRezBuildPhase section */
		60542F4F7805D965FF306DF1 /* Rez */ = {
			isa = PBXRezBuildPhase;
			buildActionMask = 2147483647;
			files = (
			);
			runOnlyForDeploymentPostprocessing = 0;
		};
/* End PBXRezBuildPhase section */

/* Begin PBXSourcesBuildPhase section */
		0F041AFA4DBFCC6D0F1BAF6D /* Sources */ = {
			isa = PBXSourcesBuildPhase;
			buildActionMask = 2147483647;
			files = (
				4B8B36CA49A9DEFEF84C4554 /* juce_audio_plugin_client_VST3.cpp in Sources */,
				36B277E31DC5307600D9DEC0 /* WaveGenerator.cpp in Sources */,
			);
			runOnlyForDeploymentPostprocessing = 0;
		};
		37F22BD1952B828C02A1154C /* Sources */ = {
			isa = PBXSourcesBuildPhase;
			buildActionMask = 2147483647;
			files = (
				36B277E41DC5307600D9DEC0 /* WaveGenerator.cpp in Sources */,
				7F77BD3679C81BEB8057BE4F /* juce_audio_plugin_client_AU_1.mm in Sources */,
				A001C0EF302F42D8784EF150 /* juce_audio_plugin_client_AU_2.mm in Sources */,
			);
			runOnlyForDeploymentPostprocessing = 0;
		};
		4E087312D44130771EB1E9C2 /* Sources */ = {
			isa = PBXSourcesBuildPhase;
			buildActionMask = 2147483647;
			files = (
				E32999B782F688D3746FEB08 /* PluginEditor.cpp in Sources */,
				360C3DEF1DC65DB600BA39C2 /* FFTKiss.cpp in Sources */,
				8265E59547F2C5DDD10F58BF /* PluginProcessor.cpp in Sources */,
				A135B77ECC75825288B59AD1 /* juce_audio_basics.mm in Sources */,
				CBEE8BA08EA81BC9612EB237 /* juce_audio_devices.mm in Sources */,
				57CCDB4997DD3ADCE483C6D9 /* juce_audio_formats.mm in Sources */,
				36B277E51DC5307600D9DEC0 /* WaveGenerator.cpp in Sources */,
				DB487CE9B3A328B55746C3DF /* juce_audio_plugin_client_utils.cpp in Sources */,
				F28CB4A3EF7107E836B8A229 /* juce_audio_plugin_client_VST_utils.mm in Sources */,
				360C3DEC1DC65D7E00BA39C2 /* kiss_fft.c in Sources */,
				4219EABF6E3F7CC96893599A /* juce_audio_processors.mm in Sources */,
				360C3DF21DC661E100BA39C2 /* kiss_fftr.c in Sources */,
				360C3DE61DC65BAA00BA39C2 /* minBlepGenerator.cpp in Sources */,
				65DE548B2F9200613114E5D6 /* juce_audio_utils.mm in Sources */,
				AC4649F24DEB64237B6EC77F /* juce_core.mm in Sources */,
				B7E4EFDAE8E894D1F8D2C501 /* juce_data_structures.mm in Sources */,
				EE647BD9D420B3000BA55CA0 /* juce_events.mm in Sources */,
				E3160BC3BA6B0F9585CD0BF3 /* juce_graphics.mm in Sources */,
				354E8A9B7FD3A7AA6598A990 /* juce_gui_basics.mm in Sources */,
				963703A2971006C8BB3D190E /* juce_gui_extra.mm in Sources */,
			);
			runOnlyForDeploymentPostprocessing = 0;
		};
		8FC8AA9EA1AC4A26A5275F62 /* Sources */ = {
			isa = PBXSourcesBuildPhase;
			buildActionMask = 2147483647;
			files = (
				2A10495092621B672B55C020 /* juce_audio_plugin_client_VST2.cpp in Sources */,
				36B277E21DC5307600D9DEC0 /* WaveGenerator.cpp in Sources */,
			);
			runOnlyForDeploymentPostprocessing = 0;
		};
/* End PBXSourcesBuildPhase section */

/* Begin PBXTargetDependency section */
		3D94E4E73BA4376BD0C954BB /* PBXTargetDependency */ = {
			isa = PBXTargetDependency;
			target = 921CB4BBA34ADBC5270F81EF /* WavegenPlugin (VST) */;
			targetProxy = 36FF4A121DABF68200937DD6 /* PBXContainerItemProxy */;
		};
		603921D0E698F75EB96EAC53 /* PBXTargetDependency */ = {
			isa = PBXTargetDependency;
			target = C3F206BB3277FBADE3BD615B /* WavegenPlugin (Shared Code) */;
			targetProxy = 36FF4A131DABF68200937DD6 /* PBXContainerItemProxy */;
		};
		96A187ABC229B69131A7A553 /* PBXTargetDependency */ = {
			isa = PBXTargetDependency;
			target = 03F6829513830045329610BB /* WavegenPlugin (VST3) */;
			targetProxy = 36FF4A141DABF68200937DD6 /* PBXContainerItemProxy */;
		};
		F1D7CFC05961A0332974083D /* PBXTargetDependency */ = {
			isa = PBXTargetDependency;
			target = 71E1E34CFC671ACBBCE0726C /* WavegenPlugin (AU) */;
			targetProxy = 36FF4A151DABF68200937DD6 /* PBXContainerItemProxy */;
		};
/* End PBXTargetDependency section */

/* Begin XCBuildConfiguration section */
		103368FE85719AF0B91BA072 /* Release */ = {
			isa = XCBuildConfiguration;
			buildSettings = {
				PRODUCT_NAME = WavegenPlugin;
			};
			name = Release;
		};
		155E2212057EC38829899A3C /* Debug */ = {
			isa = XCBuildConfiguration;
			buildSettings = {
				PRODUCT_NAME = WavegenPlugin;
			};
			name = Debug;
		};
		1FA913B64C8ADDFFCA9768E1 /* Debug */ = {
			isa = XCBuildConfiguration;
			buildSettings = {
				ARCHS = "$(ARCHS_STANDARD_32_64_BIT)";
				CLANG_CXX_LANGUAGE_STANDARD = "c++0x";
				CLANG_LINK_OBJC_RUNTIME = NO;
				COMBINE_HIDPI_IMAGES = YES;
				CONFIGURATION_BUILD_DIR = "$(PROJECT_DIR)/build/$(CONFIGURATION)";
				COPY_PHASE_STRIP = NO;
				DEPLOYMENT_LOCATION = YES;
				DSTROOT = /;
				GCC_DYNAMIC_NO_PIC = NO;
				GCC_OPTIMIZATION_LEVEL = 0;
				GCC_PREPROCESSOR_DEFINITIONS = (
					"_DEBUG=1",
					"DEBUG=1",
					"JucePlugin_Build_VST=0",
					"JucePlugin_Build_VST3=0",
					"JucePlugin_Build_AU=1",
					"JucePlugin_Build_AUv3=0",
					"JucePlugin_Build_RTAS=0",
					"JucePlugin_Build_AAX=0",
					"JucePlugin_Build_Standalone=0",
					"JUCER_XCODE_MAC_F6D2F4CF=1",
					"JUCE_APP_VERSION=1.0.0",
					"JUCE_APP_VERSION_HEX=0x10000",
				);
				GCC_VERSION = com.apple.compilers.llvm.clang.1_0;
				GENERATE_PKGINFO_FILE = YES;
				HEADER_SEARCH_PATHS = (
					"\"~/SDKs/VST3 SDK\"",
					../../JuceLibraryCode,
					../../../../modules,
					"$(inherited)",
				);
				INFOPLIST_FILE = "Info-AU.plist";
				INSTALL_PATH = "$(HOME)/Library/Audio/Plug-Ins/Components/";
				LIBRARY_STYLE = Bundle;
				MACOSX_DEPLOYMENT_TARGET = 10.11;
				MACOSX_DEPLOYMENT_TARGET_ppc = 10.4;
				OTHER_LDFLAGS = (
					"-bundle",
					"-lWaveGenPlugin",
				);
				OTHER_REZFLAGS = "-d ppc_$ppc -d i386_$i386 -d ppc64_$ppc64 -d x86_64_$x86_64 -I /System/Library/Frameworks/CoreServices.framework/Frameworks/CarbonCore.framework/Versions/A/Headers -I \"$(DEVELOPER_DIR)/Extras/CoreAudio/AudioUnits/AUPublic/AUBase\"";
				PRODUCT_BUNDLE_IDENTIFIER = com.juce.JuceDemoPlugin;
				PRODUCT_NAME = WavegenPlugin;
				SDKROOT_ppc = macosx10.5;
				WRAPPER_EXTENSION = component;
			};
			name = Debug;
		};
		5B39217A95807DE26271788F /* Release */ = {
			isa = XCBuildConfiguration;
			buildSettings = {
				ARCHS = "$(ARCHS_STANDARD_32_64_BIT)";
				CLANG_CXX_LANGUAGE_STANDARD = "c++0x";
				CLANG_LINK_OBJC_RUNTIME = NO;
				COMBINE_HIDPI_IMAGES = YES;
				CONFIGURATION_BUILD_DIR = "$(PROJECT_DIR)/build/$(CONFIGURATION)";
				DEAD_CODE_STRIPPING = YES;
				DEPLOYMENT_LOCATION = YES;
				DSTROOT = /;
				GCC_GENERATE_DEBUGGING_SYMBOLS = NO;
				GCC_OPTIMIZATION_LEVEL = 3;
				GCC_PREPROCESSOR_DEFINITIONS = (
					"_NDEBUG=1",
					"NDEBUG=1",
					"JucePlugin_Build_VST=0",
					"JucePlugin_Build_VST3=1",
					"JucePlugin_Build_AU=0",
					"JucePlugin_Build_AUv3=0",
					"JucePlugin_Build_RTAS=0",
					"JucePlugin_Build_AAX=0",
					"JucePlugin_Build_Standalone=0",
					"JUCER_XCODE_MAC_F6D2F4CF=1",
					"JUCE_APP_VERSION=1.0.0",
					"JUCE_APP_VERSION_HEX=0x10000",
				);
				GCC_SYMBOLS_PRIVATE_EXTERN = YES;
				GCC_VERSION = com.apple.compilers.llvm.clang.1_0;
				GENERATE_PKGINFO_FILE = YES;
				HEADER_SEARCH_PATHS = (
					"\"~/SDKs/VST3 SDK\"",
					../../JuceLibraryCode,
					../../../../modules,
					"$(inherited)",
				);
				INFOPLIST_FILE = "Info-VST3.plist";
				INSTALL_PATH = "$(HOME)/Library/Audio/Plug-Ins/VST3/";
				LIBRARY_STYLE = Bundle;
				MACOSX_DEPLOYMENT_TARGET = 10.11;
				MACOSX_DEPLOYMENT_TARGET_ppc = 10.4;
				OTHER_LDFLAGS = (
					"-bundle",
					"-lWaveGenPlugin",
				);
				PRODUCT_BUNDLE_IDENTIFIER = com.juce.JuceDemoPlugin;
				PRODUCT_NAME = WavegenPlugin;
				SDKROOT_ppc = macosx10.5;
				WRAPPER_EXTENSION = vst3;
			};
			name = Release;
		};
		6758D5C5D24024DB6F83E78F /* Debug */ = {
			isa = XCBuildConfiguration;
			buildSettings = {
				ALWAYS_SEARCH_USER_PATHS = NO;
				DEBUG_INFORMATION_FORMAT = dwarf;
				ENABLE_TESTABILITY = YES;
				GCC_C_LANGUAGE_STANDARD = c99;
				GCC_INLINES_ARE_PRIVATE_EXTERN = YES;
				GCC_MODEL_TUNING = G5;
				GCC_WARN_ABOUT_RETURN_TYPE = YES;
				GCC_WARN_CHECK_SWITCH_STATEMENTS = YES;
				GCC_WARN_MISSING_PARENTHESES = YES;
				GCC_WARN_NON_VIRTUAL_DESTRUCTOR = YES;
				GCC_WARN_TYPECHECK_CALLS_TO_PRINTF = YES;
				GCC_WARN_UNUSED_VARIABLE = YES;
				HEADER_SEARCH_PATHS = (
					../../../JUCE/modules,
					"/Users/aaronleese/Desktop/code/Stagecraft/Livetronica\\ Studio/includes/VST3\\ SDK",
				);
				PRODUCT_NAME = "Wavegen Plugin";
				WARNING_CFLAGS = "-Wreorder";
				ZERO_LINK = NO;
			};
			name = Debug;
		};
		9E686ABA5935BF9B713A0C5A /* Release */ = {
			isa = XCBuildConfiguration;
			buildSettings = {
				ARCHS = "$(ARCHS_STANDARD_32_64_BIT)";
				CLANG_CXX_LANGUAGE_STANDARD = "c++0x";
				CLANG_LINK_OBJC_RUNTIME = NO;
				COMBINE_HIDPI_IMAGES = YES;
				CONFIGURATION_BUILD_DIR = "$(PROJECT_DIR)/build/$(CONFIGURATION)";
				DEAD_CODE_STRIPPING = YES;
				DEPLOYMENT_LOCATION = YES;
				DSTROOT = /;
				GCC_GENERATE_DEBUGGING_SYMBOLS = NO;
				GCC_OPTIMIZATION_LEVEL = 3;
				GCC_PREPROCESSOR_DEFINITIONS = (
					"_NDEBUG=1",
					"NDEBUG=1",
					"JucePlugin_Build_VST=0",
					"JucePlugin_Build_VST3=0",
					"JucePlugin_Build_AU=1",
					"JucePlugin_Build_AUv3=0",
					"JucePlugin_Build_RTAS=0",
					"JucePlugin_Build_AAX=0",
					"JucePlugin_Build_Standalone=0",
					"JUCER_XCODE_MAC_F6D2F4CF=1",
					"JUCE_APP_VERSION=1.0.0",
					"JUCE_APP_VERSION_HEX=0x10000",
				);
				GCC_SYMBOLS_PRIVATE_EXTERN = YES;
				GCC_VERSION = com.apple.compilers.llvm.clang.1_0;
				GENERATE_PKGINFO_FILE = YES;
				HEADER_SEARCH_PATHS = (
					"\"~/SDKs/VST3 SDK\"",
					../../JuceLibraryCode,
					../../../../modules,
					"$(inherited)",
				);
				INFOPLIST_FILE = "Info-AU.plist";
				INSTALL_PATH = "$(HOME)/Library/Audio/Plug-Ins/Components/";
				LIBRARY_STYLE = Bundle;
				MACOSX_DEPLOYMENT_TARGET = 10.11;
				MACOSX_DEPLOYMENT_TARGET_ppc = 10.4;
				OTHER_LDFLAGS = (
					"-bundle",
					"-lWaveGenPlugin",
				);
				OTHER_REZFLAGS = "-d ppc_$ppc -d i386_$i386 -d ppc64_$ppc64 -d x86_64_$x86_64 -I /System/Library/Frameworks/CoreServices.framework/Frameworks/CarbonCore.framework/Versions/A/Headers -I \"$(DEVELOPER_DIR)/Extras/CoreAudio/AudioUnits/AUPublic/AUBase\"";
				PRODUCT_BUNDLE_IDENTIFIER = com.juce.JuceDemoPlugin;
				PRODUCT_NAME = WavegenPlugin;
				SDKROOT_ppc = macosx10.5;
				WRAPPER_EXTENSION = component;
			};
			name = Release;
		};
		A4B12DFADE1730C6014F332B /* Debug */ = {
			isa = XCBuildConfiguration;
			buildSettings = {
				ARCHS = "$(ARCHS_STANDARD_32_64_BIT)";
				CLANG_CXX_LANGUAGE_STANDARD = "c++0x";
				CLANG_LINK_OBJC_RUNTIME = NO;
				COMBINE_HIDPI_IMAGES = YES;
				CONFIGURATION_BUILD_DIR = "$(PROJECT_DIR)/build/$(CONFIGURATION)";
				COPY_PHASE_STRIP = NO;
				DEPLOYMENT_LOCATION = YES;
				DSTROOT = /;
				GCC_DYNAMIC_NO_PIC = NO;
				GCC_OPTIMIZATION_LEVEL = 0;
				GCC_PREPROCESSOR_DEFINITIONS = (
					"_DEBUG=1",
					"DEBUG=1",
					"JucePlugin_Build_VST=1",
					"JucePlugin_Build_VST3=0",
					"JucePlugin_Build_AU=0",
					"JucePlugin_Build_AUv3=0",
					"JucePlugin_Build_RTAS=0",
					"JucePlugin_Build_AAX=0",
					"JucePlugin_Build_Standalone=0",
					"JUCER_XCODE_MAC_F6D2F4CF=1",
					"JUCE_APP_VERSION=1.0.0",
					"JUCE_APP_VERSION_HEX=0x10000",
				);
				GCC_VERSION = com.apple.compilers.llvm.clang.1_0;
				GENERATE_PKGINFO_FILE = YES;
				HEADER_SEARCH_PATHS = (
					"\"~/SDKs/VST3 SDK\"",
					../../JuceLibraryCode,
					../../../../modules,
					"$(inherited)",
				);
				INFOPLIST_FILE = "Info-VST.plist";
				INSTALL_PATH = "$(HOME)/Library/Audio/Plug-Ins/VST/";
				LIBRARY_STYLE = Bundle;
				MACOSX_DEPLOYMENT_TARGET = 10.11;
				MACOSX_DEPLOYMENT_TARGET_ppc = 10.4;
				OTHER_LDFLAGS = (
					"-bundle",
					"-lWaveGenPlugin",
				);
				PRODUCT_BUNDLE_IDENTIFIER = com.juce.JuceDemoPlugin;
				PRODUCT_NAME = WavegenPlugin;
				SDKROOT_ppc = macosx10.5;
				WRAPPER_EXTENSION = vst;
			};
			name = Debug;
		};
		AD749722210AC59435D40744 /* Debug */ = {
			isa = XCBuildConfiguration;
			buildSettings = {
				ARCHS = "$(ARCHS_STANDARD_32_64_BIT)";
				CLANG_CXX_LANGUAGE_STANDARD = "c++0x";
				CLANG_LINK_OBJC_RUNTIME = NO;
				COMBINE_HIDPI_IMAGES = YES;
				CONFIGURATION_BUILD_DIR = "$(PROJECT_DIR)/build/$(CONFIGURATION)";
				COPY_PHASE_STRIP = NO;
				DEPLOYMENT_LOCATION = YES;
				DSTROOT = /;
				GCC_DYNAMIC_NO_PIC = NO;
				GCC_OPTIMIZATION_LEVEL = 0;
				GCC_PREPROCESSOR_DEFINITIONS = (
					"_DEBUG=1",
					"DEBUG=1",
					"JucePlugin_Build_VST=0",
					"JucePlugin_Build_VST3=1",
					"JucePlugin_Build_AU=0",
					"JucePlugin_Build_AUv3=0",
					"JucePlugin_Build_RTAS=0",
					"JucePlugin_Build_AAX=0",
					"JucePlugin_Build_Standalone=0",
					"JUCER_XCODE_MAC_F6D2F4CF=1",
					"JUCE_APP_VERSION=1.0.0",
					"JUCE_APP_VERSION_HEX=0x10000",
				);
				GCC_VERSION = com.apple.compilers.llvm.clang.1_0;
				GENERATE_PKGINFO_FILE = YES;
				HEADER_SEARCH_PATHS = (
					"\"~/SDKs/VST3 SDK\"",
					../../JuceLibraryCode,
					../../../../modules,
					"$(inherited)",
				);
				INFOPLIST_FILE = "Info-VST3.plist";
				INSTALL_PATH = "$(HOME)/Library/Audio/Plug-Ins/VST3/";
				LIBRARY_STYLE = Bundle;
				MACOSX_DEPLOYMENT_TARGET = 10.11;
				MACOSX_DEPLOYMENT_TARGET_ppc = 10.4;
				OTHER_LDFLAGS = (
					"-bundle",
					"-lWaveGenPlugin",
				);
				PRODUCT_BUNDLE_IDENTIFIER = com.juce.JuceDemoPlugin;
				PRODUCT_NAME = WavegenPlugin;
				SDKROOT_ppc = macosx10.5;
				WRAPPER_EXTENSION = vst3;
			};
			name = Debug;
		};
		CD0D0EA3F45AD047F14FD2E8 /* Release */ = {
			isa = XCBuildConfiguration;
			buildSettings = {
				ARCHS = "$(ARCHS_STANDARD_32_64_BIT)";
				CLANG_CXX_LANGUAGE_STANDARD = "c++0x";
				CLANG_LINK_OBJC_RUNTIME = NO;
				COMBINE_HIDPI_IMAGES = YES;
				CONFIGURATION_BUILD_DIR = "$(PROJECT_DIR)/build/$(CONFIGURATION)";
				DEAD_CODE_STRIPPING = YES;
				GCC_GENERATE_DEBUGGING_SYMBOLS = NO;
				GCC_OPTIMIZATION_LEVEL = 3;
				GCC_PREPROCESSOR_DEFINITIONS = (
					"_NDEBUG=1",
					"NDEBUG=1",
					"JUCE_SHARED_CODE=1",
					"JucePlugin_Build_VST=1",
					"JucePlugin_Build_VST3=1",
					"JucePlugin_Build_AU=1",
					"JucePlugin_Build_AUv3=0",
					"JucePlugin_Build_RTAS=0",
					"JucePlugin_Build_AAX=0",
					"JucePlugin_Build_Standalone=0",
					"JUCER_XCODE_MAC_F6D2F4CF=1",
					"JUCE_APP_VERSION=1.0.0",
					"JUCE_APP_VERSION_HEX=0x10000",
				);
				GCC_SYMBOLS_PRIVATE_EXTERN = YES;
				GCC_VERSION = com.apple.compilers.llvm.clang.1_0;
				HEADER_SEARCH_PATHS = (
					"$(inherited)",
					../../JuceLibraryCode,
					../../../../modules,
				);
				INSTALL_PATH = "@executable_path/../Frameworks";
				MACOSX_DEPLOYMENT_TARGET = 10.11;
				MACOSX_DEPLOYMENT_TARGET_ppc = 10.4;
				PRODUCT_BUNDLE_IDENTIFIER = com.juce.JuceDemoPlugin;
				PRODUCT_NAME = WavegenPlugin;
				SDKROOT_ppc = macosx10.5;
			};
			name = Release;
		};
		D56C28DC5C3854D6AA9E04C2 /* Release */ = {
			isa = XCBuildConfiguration;
			buildSettings = {
				ARCHS = "$(ARCHS_STANDARD_32_64_BIT)";
				CLANG_CXX_LANGUAGE_STANDARD = "c++0x";
				CLANG_LINK_OBJC_RUNTIME = NO;
				COMBINE_HIDPI_IMAGES = YES;
				CONFIGURATION_BUILD_DIR = "$(PROJECT_DIR)/build/$(CONFIGURATION)";
				DEAD_CODE_STRIPPING = YES;
				DEPLOYMENT_LOCATION = YES;
				DSTROOT = /;
				GCC_GENERATE_DEBUGGING_SYMBOLS = NO;
				GCC_OPTIMIZATION_LEVEL = 3;
				GCC_PREPROCESSOR_DEFINITIONS = (
					"_NDEBUG=1",
					"NDEBUG=1",
					"JucePlugin_Build_VST=1",
					"JucePlugin_Build_VST3=0",
					"JucePlugin_Build_AU=0",
					"JucePlugin_Build_AUv3=0",
					"JucePlugin_Build_RTAS=0",
					"JucePlugin_Build_AAX=0",
					"JucePlugin_Build_Standalone=0",
					"JUCER_XCODE_MAC_F6D2F4CF=1",
					"JUCE_APP_VERSION=1.0.0",
					"JUCE_APP_VERSION_HEX=0x10000",
				);
				GCC_SYMBOLS_PRIVATE_EXTERN = YES;
				GCC_VERSION = com.apple.compilers.llvm.clang.1_0;
				GENERATE_PKGINFO_FILE = YES;
				HEADER_SEARCH_PATHS = (
					"\"~/SDKs/VST3 SDK\"",
					../../JuceLibraryCode,
					../../../../modules,
					"$(inherited)",
				);
				INFOPLIST_FILE = "Info-VST.plist";
				INSTALL_PATH = "$(HOME)/Library/Audio/Plug-Ins/VST/";
				LIBRARY_STYLE = Bundle;
				MACOSX_DEPLOYMENT_TARGET = 10.11;
				MACOSX_DEPLOYMENT_TARGET_ppc = 10.4;
				OTHER_LDFLAGS = (
					"-bundle",
					"-lWaveGenPlugin",
				);
				PRODUCT_BUNDLE_IDENTIFIER = com.juce.JuceDemoPlugin;
				PRODUCT_NAME = WavegenPlugin;
				SDKROOT_ppc = macosx10.5;
				WRAPPER_EXTENSION = vst;
			};
			name = Release;
		};
		DE68D772AF78FA0D411FC4D4 /* Debug */ = {
			isa = XCBuildConfiguration;
			buildSettings = {
				ARCHS = "$(ARCHS_STANDARD_32_64_BIT)";
				CLANG_CXX_LANGUAGE_STANDARD = "c++0x";
				CLANG_LINK_OBJC_RUNTIME = NO;
				COMBINE_HIDPI_IMAGES = YES;
				CONFIGURATION_BUILD_DIR = "$(PROJECT_DIR)/build/$(CONFIGURATION)";
				COPY_PHASE_STRIP = NO;
				GCC_DYNAMIC_NO_PIC = NO;
				GCC_OPTIMIZATION_LEVEL = 0;
				GCC_PREPROCESSOR_DEFINITIONS = (
					"_DEBUG=1",
					"DEBUG=1",
					"JUCE_SHARED_CODE=1",
					"JucePlugin_Build_VST=1",
					"JucePlugin_Build_VST3=1",
					"JucePlugin_Build_AU=1",
					"JucePlugin_Build_AUv3=0",
					"JucePlugin_Build_RTAS=0",
					"JucePlugin_Build_AAX=0",
					"JucePlugin_Build_Standalone=0",
					"JUCER_XCODE_MAC_F6D2F4CF=1",
					"JUCE_APP_VERSION=1.0.0",
					"JUCE_APP_VERSION_HEX=0x10000",
				);
				GCC_VERSION = com.apple.compilers.llvm.clang.1_0;
				HEADER_SEARCH_PATHS = (
					"$(inherited)",
					../../JuceLibraryCode,
					../../../../modules,
				);
				INSTALL_PATH = "@executable_path/../Frameworks";
				MACOSX_DEPLOYMENT_TARGET = 10.11;
				MACOSX_DEPLOYMENT_TARGET_ppc = 10.4;
				PRODUCT_BUNDLE_IDENTIFIER = com.juce.JuceDemoPlugin;
				PRODUCT_NAME = WavegenPlugin;
				SDKROOT_ppc = macosx10.5;
			};
			name = Debug;
		};
		FDD382CE3C754F66D9DB396A /* Release */ = {
			isa = XCBuildConfiguration;
			buildSettings = {
				ALWAYS_SEARCH_USER_PATHS = NO;
				DEBUG_INFORMATION_FORMAT = dwarf;
				GCC_C_LANGUAGE_STANDARD = c99;
				GCC_INLINES_ARE_PRIVATE_EXTERN = YES;
				GCC_MODEL_TUNING = G5;
				GCC_WARN_ABOUT_RETURN_TYPE = YES;
				GCC_WARN_CHECK_SWITCH_STATEMENTS = YES;
				GCC_WARN_MISSING_PARENTHESES = YES;
				GCC_WARN_NON_VIRTUAL_DESTRUCTOR = YES;
				GCC_WARN_TYPECHECK_CALLS_TO_PRINTF = YES;
				GCC_WARN_UNUSED_VARIABLE = YES;
				HEADER_SEARCH_PATHS = (
					../../../JUCE/modules,
					"/Users/aaronleese/Desktop/code/Stagecraft/Livetronica\\ Studio/includes/VST3\\ SDK",
				);
				PRODUCT_NAME = "Wavegen Plugin";
				WARNING_CFLAGS = "-Wreorder";
				ZERO_LINK = NO;
			};
			name = Release;
		};
/* End XCBuildConfiguration section */

/* Begin XCConfigurationList section */
		0720B453F376663EAB98BF9B /* Build configuration list for PBXProject "WavegenPlugin" */ = {
			isa = XCConfigurationList;
			buildConfigurations = (
				6758D5C5D24024DB6F83E78F /* Debug */,
				FDD382CE3C754F66D9DB396A /* Release */,
			);
			defaultConfigurationIsVisible = 0;
			defaultConfigurationName = Debug;
		};
		08D73ACBC0F6E2A4747629EE /* Build configuration list for PBXNativeTarget "WavegenPlugin (Shared Code)" */ = {
			isa = XCConfigurationList;
			buildConfigurations = (
				DE68D772AF78FA0D411FC4D4 /* Debug */,
				CD0D0EA3F45AD047F14FD2E8 /* Release */,
			);
			defaultConfigurationIsVisible = 0;
			defaultConfigurationName = Debug;
		};
		64536AF1BFB1A606B45A66AB /* Build configuration list for PBXNativeTarget "WavegenPlugin (AU)" */ = {
			isa = XCConfigurationList;
			buildConfigurations = (
				1FA913B64C8ADDFFCA9768E1 /* Debug */,
				9E686ABA5935BF9B713A0C5A /* Release */,
			);
			defaultConfigurationIsVisible = 0;
			defaultConfigurationName = Debug;
		};
		66A99B0A3E2094889407A133 /* Build configuration list for PBXAggregateTarget "WavegenPlugin (All)" */ = {
			isa = XCConfigurationList;
			buildConfigurations = (
				155E2212057EC38829899A3C /* Debug */,
				103368FE85719AF0B91BA072 /* Release */,
			);
			defaultConfigurationIsVisible = 0;
			defaultConfigurationName = Debug;
		};
		85C4751D439D706F84718BB4 /* Build configuration list for PBXNativeTarget "WavegenPlugin (VST)" */ = {
			isa = XCConfigurationList;
			buildConfigurations = (
				A4B12DFADE1730C6014F332B /* Debug */,
				D56C28DC5C3854D6AA9E04C2 /* Release */,
			);
			defaultConfigurationIsVisible = 0;
			defaultConfigurationName = Debug;
		};
		EACEF56177D0E9262CB5FB82 /* Build configuration list for PBXNativeTarget "WavegenPlugin (VST3)" */ = {
			isa = XCConfigurationList;
			buildConfigurations = (
				AD749722210AC59435D40744 /* Debug */,
				5B39217A95807DE26271788F /* Release */,
			);
			defaultConfigurationIsVisible = 0;
			defaultConfigurationName = Debug;
		};
/* End XCConfigurationList section */
	};
	rootObject = 85250052F3E019894332668E /* Project object */;
}
